
Microsoft Visual Studio Solution File, Format Version 12.00
# Visual Studio Version 16
VisualStudioVersion = 16.0.34031.81
MinimumVisualStudioVersion = 10.0.40219.1
Project("{FAE04EC0-301F-11D3-BF4B-00C04F79EFBC}") = "SelectionSortAlgorithm", "SelectionSortAlgorithm.csproj", "{F4929676-8453-40BC-8F9C-591AE84517D5}"
EndProject
Global
	GlobalSection(SolutionConfigurationPlatforms) = preSolution
		Debug|Any CPU = Debug|Any CPU
		Release|Any CPU = Release|Any CPU
	EndGlobalSection
	GlobalSection(ProjectConfigurationPlatforms) = postSolution
		{F4929676-8453-40BC-8F9C-591AE84517D5}.Debug|Any CPU.ActiveCfg = Debug|Any CPU
		{F4929676-8453-40BC-8F9C-591AE84517D5}.Debug|Any CPU.Build.0 = Debug|Any CPU
		{F4929676-8453-40BC-8F9C-591AE84517D5}.Release|Any CPU.ActiveCfg = Release|Any CPU
		{F4929676-8453-40BC-8F9C-591AE84517D5}.Release|Any CPU.Build.0 = Release|Any CPU
	EndGlobalSection
	GlobalSection(SolutionProperties) = preSolution
		HideSolutionNode = FALSE
	EndGlobalSection
	GlobalSection(ExtensibilityGlobals) = postSolution
		SolutionGuid = {F7BD68B4-E6AB-4D50-9E4A-B82030677B0B}
	EndGlobalSection
EndGlobal
